
Microsoft Visual Studio Solution File, Format Version 12.00
# Visual Studio 14
VisualStudioVersion = 14.0.25123.0
MinimumVisualStudioVersion = 10.0.40219.1
Project("{FAE04EC0-301F-11D3-BF4B-00C04F79EFBC}") = "MovieSpider.Core", "MovieSpider.Core\MovieSpider.Core.csproj", "{9FF5A374-9968-468D-9E10-902F16FEE679}"
EndProject
Project("{FAE04EC0-301F-11D3-BF4B-00C04F79EFBC}") = "MovieSpider.JobManager", "MovieSpider.JobManager\MovieSpider.JobManager.csproj", "{FFAB1EBF-9C44-48FD-BC9B-888954ACD23C}"
EndProject
Project("{FAE04EC0-301F-11D3-BF4B-00C04F79EFBC}") = "MovieSpider.Data", "MovieSpider.Data\MovieSpider.Data.csproj", "{66FB8EE2-F2C5-4FA9-9A42-6F6F15391D7F}"
EndProject
Project("{FAE04EC0-301F-11D3-BF4B-00C04F79EFBC}") = "MovieSpider.Services", "MovieSpider.Services\MovieSpider.Services.csproj", "{ED45FECD-002C-40F4-9551-5ABEA459D65E}"
EndProject
Project("{2150E333-8FDC-42A3-9474-1A3956D46DE8}") = "Resource", "Resource", "{4CBE47E9-2D23-4288-9C0A-F2E09A39E9A6}"
	ProjectSection(SolutionItems) = preProject
		Resource\Note.txt = Resource\Note.txt
	EndProjectSection
EndProject
Project("{2150E333-8FDC-42A3-9474-1A3956D46DE8}") = "Libs", "Libs", "{379C5C62-222B-4B22-A9AE-81517812C9E2}"
	ProjectSection(SolutionItems) = preProject
		Resource\DotnetSpider.Core.dll = Resource\DotnetSpider.Core.dll
		Resource\DotnetSpider.Core.pdb = Resource\DotnetSpider.Core.pdb
		Resource\DotnetSpider.Extension.dll = Resource\DotnetSpider.Extension.dll
		Resource\DotnetSpider.Extension.pdb = Resource\DotnetSpider.Extension.pdb
	EndProjectSection
EndProject
Project("{FAE04EC0-301F-11D3-BF4B-00C04F79EFBC}") = "MovieSpider.Test", "MovieSpider.Test\MovieSpider.Test.csproj", "{0F9556B8-25C9-4D22-9DE7-2E6B05B4475B}"
EndProject
Global
	GlobalSection(SolutionConfigurationPlatforms) = preSolution
		Debug|Any CPU = Debug|Any CPU
		Release|Any CPU = Release|Any CPU
	EndGlobalSection
	GlobalSection(ProjectConfigurationPlatforms) = postSolution
		{9FF5A374-9968-468D-9E10-902F16FEE679}.Debug|Any CPU.ActiveCfg = Debug|Any CPU
		{9FF5A374-9968-468D-9E10-902F16FEE679}.Debug|Any CPU.Build.0 = Debug|Any CPU
		{9FF5A374-9968-468D-9E10-902F16FEE679}.Release|Any CPU.ActiveCfg = Release|Any CPU
		{9FF5A374-9968-468D-9E10-902F16FEE679}.Release|Any CPU.Build.0 = Release|Any CPU
		{FFAB1EBF-9C44-48FD-BC9B-888954ACD23C}.Debug|Any CPU.ActiveCfg = Debug|Any CPU
		{FFAB1EBF-9C44-48FD-BC9B-888954ACD23C}.Debug|Any CPU.Build.0 = Debug|Any CPU
		{FFAB1EBF-9C44-48FD-BC9B-888954ACD23C}.Release|Any CPU.ActiveCfg = Release|Any CPU
		{FFAB1EBF-9C44-48FD-BC9B-888954ACD23C}.Release|Any CPU.Build.0 = Release|Any CPU
		{66FB8EE2-F2C5-4FA9-9A42-6F6F15391D7F}.Debug|Any CPU.ActiveCfg = Debug|Any CPU
		{66FB8EE2-F2C5-4FA9-9A42-6F6F15391D7F}.Debug|Any CPU.Build.0 = Debug|Any CPU
		{66FB8EE2-F2C5-4FA9-9A42-6F6F15391D7F}.Release|Any CPU.ActiveCfg = Release|Any CPU
		{66FB8EE2-F2C5-4FA9-9A42-6F6F15391D7F}.Release|Any CPU.Build.0 = Release|Any CPU
		{ED45FECD-002C-40F4-9551-5ABEA459D65E}.Debug|Any CPU.ActiveCfg = Debug|Any CPU
		{ED45FECD-002C-40F4-9551-5ABEA459D65E}.Debug|Any CPU.Build.0 = Debug|Any CPU
		{ED45FECD-002C-40F4-9551-5ABEA459D65E}.Release|Any CPU.ActiveCfg = Release|Any CPU
		{ED45FECD-002C-40F4-9551-5ABEA459D65E}.Release|Any CPU.Build.0 = Release|Any CPU
		{0F9556B8-25C9-4D22-9DE7-2E6B05B4475B}.Debug|Any CPU.ActiveCfg = Debug|Any CPU
		{0F9556B8-25C9-4D22-9DE7-2E6B05B4475B}.Debug|Any CPU.Build.0 = Debug|Any CPU
		{0F9556B8-25C9-4D22-9DE7-2E6B05B4475B}.Release|Any CPU.ActiveCfg = Release|Any CPU
		{0F9556B8-25C9-4D22-9DE7-2E6B05B4475B}.Release|Any CPU.Build.0 = Release|Any CPU
	EndGlobalSection
	GlobalSection(SolutionProperties) = preSolution
		HideSolutionNode = FALSE
	EndGlobalSection
	GlobalSection(NestedProjects) = preSolution
		{379C5C62-222B-4B22-A9AE-81517812C9E2} = {4CBE47E9-2D23-4288-9C0A-F2E09A39E9A6}
	EndGlobalSection
EndGlobal
